schema: '2.0'
stages:
  prepare:
    cmd: python -m propensao.prepare
    deps:
    - path: data/raw/online_shoppers_intention.csv
      hash: md5
      md5: cc6ec1db03b4f10f8de52c56ff48b085
      size: 1072063
      isexec: true
    - path: src/propensao/config.py
      hash: md5
      md5: 04ba56b3f0d3433c9dbc9ca1f9a2a065
      size: 4438
    - path: src/propensao/data.py
      hash: md5
      md5: 14503ea029e1cdf4ab04c00e455f8d09
      size: 1947
    - path: src/propensao/prepare.py
      hash: md5
      md5: cfaa96d3a7f999b2374df258c4e64d1c
      size: 1009
    params:
      params.yaml:
        prepare:
          remover_duplicatas: true
          test_size: 0.2
        seed: 42
    outs:
    - path: data/processed/teste.parquet
      hash: md5
      md5: 63b40bd670952ad304c9afafe7b669b8
      size: 79623
    - path: data/processed/treino.parquet
      hash: md5
      md5: bb44a9e2d05f956bc670980154ebefba
      size: 263831
  train:
    cmd: python -m propensao.train
    deps:
    - path: data/processed/treino.parquet
      hash: md5
      md5: bb44a9e2d05f956bc670980154ebefba
      size: 263831
    - path: src/propensao/config.py
      hash: md5
      md5: 04ba56b3f0d3433c9dbc9ca1f9a2a065
      size: 4438
    - path: src/propensao/data.py
      hash: md5
      md5: 14503ea029e1cdf4ab04c00e455f8d09
      size: 1947
    - path: src/propensao/features.py
      hash: md5
      md5: 2dcfebf052fe7f95ec68abb15d0438ac
      size: 2214
    - path: src/propensao/model.py
      hash: md5
      md5: b0ec9c6150448c1a7900ef565d50119b
      size: 1740
    - path: src/propensao/preprocess.py
      hash: md5
      md5: 9c4cd05a5b3ea4a934ac0c67a85d3c62
      size: 3375
    - path: src/propensao/tracking.py
      hash: md5
      md5: 5b3fb3c0b4d7f66fd4b987e2fd0edfa4
      size: 4375
    - path: src/propensao/train.py
      hash: md5
      md5: 1dd4625ca225d15986c070c3939b7fa2
      size: 2029
    params:
      params.yaml:
        seed: 42
        train:
          algoritmo: hist_gradient_boosting
          usar_page_values: false
          dummy:
            strategy: prior
          logreg:
            C: 1.0
            max_iter: 1000
            class_weight: balanced
          random_forest:
            n_estimators: 400
            min_samples_leaf: 5
            class_weight: balanced_subsample
            n_jobs: -1
          hist_gradient_boosting:
            max_iter: 300
            learning_rate: 0.06
            max_leaf_nodes: 31
            class_weight: balanced
    outs:
    - path: models/mlflow_run.json
      hash: md5
      md5: 14f2eed1b64e12736097ff30cc46804e
      size: 112
    - path: models/pipeline.joblib
      hash: md5
      md5: 582b6712751fdfad5f4ac6ce364868bd
      size: 1111170
  evaluate:
    cmd: python -m propensao.evaluate
    deps:
    - path: data/processed/teste.parquet
      hash: md5
      md5: 63b40bd670952ad304c9afafe7b669b8
      size: 79623
    - path: models/mlflow_run.json
      hash: md5
      md5: 14f2eed1b64e12736097ff30cc46804e
      size: 112
    - path: models/pipeline.joblib
      hash: md5
      md5: 582b6712751fdfad5f4ac6ce364868bd
      size: 1111170
    - path: src/propensao/config.py
      hash: md5
      md5: 04ba56b3f0d3433c9dbc9ca1f9a2a065
      size: 4438
    - path: src/propensao/data.py
      hash: md5
      md5: 14503ea029e1cdf4ab04c00e455f8d09
      size: 1947
    - path: src/propensao/evaluate.py
      hash: md5
      md5: c8f9cc83ab3c5da51ae1312cef19d882
      size: 3547
    - path: src/propensao/tracking.py
      hash: md5
      md5: 5b3fb3c0b4d7f66fd4b987e2fd0edfa4
      size: 4375
    params:
      params.yaml:
        evaluate:
          limiar: 0.45
    outs:
    - path: metrics/metrics.json
      hash: md5
      md5: 41cb29fdc480f48f7d6fcb5efe79db11
      size: 163
