schema: '2.0'
stages:
  prepare:
    cmd: python -m propensao.prepare
    deps:
    - path: data/raw/online_shoppers_intention.csv
      hash: md5
      md5: cc6ec1db03b4f10f8de52c56ff48b085
      size: 1072063
      isexec: true
    - path: src/propensao/config.py
      hash: md5
      md5: 04ba56b3f0d3433c9dbc9ca1f9a2a065
      size: 4438
    - path: src/propensao/data.py
      hash: md5
      md5: 14503ea029e1cdf4ab04c00e455f8d09
      size: 1947
    - path: src/propensao/prepare.py
      hash: md5
      md5: cfaa96d3a7f999b2374df258c4e64d1c
      size: 1009
    params:
      params.yaml:
        prepare:
          remover_duplicatas: true
          test_size: 0.2
        seed: 42
    outs:
    - path: data/processed/teste.parquet
      hash: md5
      md5: 63b40bd670952ad304c9afafe7b669b8
      size: 79623
    - path: data/processed/treino.parquet
      hash: md5
      md5: bb44a9e2d05f956bc670980154ebefba
      size: 263831
  train:
    cmd: python -m propensao.train
    deps:
    - path: data/processed/treino.parquet
      hash: md5
      md5: bb44a9e2d05f956bc670980154ebefba
      size: 263831
    - path: src/propensao/config.py
      hash: md5
      md5: 04ba56b3f0d3433c9dbc9ca1f9a2a065
      size: 4438
    - path: src/propensao/data.py
      hash: md5
      md5: 14503ea029e1cdf4ab04c00e455f8d09
      size: 1947
    - path: src/propensao/features.py
      hash: md5
      md5: 2dcfebf052fe7f95ec68abb15d0438ac
      size: 2214
    - path: src/propensao/model.py
      hash: md5
      md5: b0ec9c6150448c1a7900ef565d50119b
      size: 1740
    - path: src/propensao/preprocess.py
      hash: md5
      md5: 44dcf66076f082ca59f8c5beb7a9e451
      size: 3633
    - path: src/propensao/tracking.py
      hash: md5
      md5: 5b3fb3c0b4d7f66fd4b987e2fd0edfa4
      size: 4375
    - path: src/propensao/train.py
      hash: md5
      md5: 2d10a8e50829f3794aa57c8e16648998
      size: 2709
    params:
      params.yaml:
        seed: 42
        train:
          algoritmo: random_forest
          usar_page_values: false
          dummy:
            strategy: prior
          logreg:
            C: 1.0
            max_iter: 1000
            class_weight: balanced
          random_forest:
            n_estimators: 400
            min_samples_leaf: 5
            class_weight: balanced_subsample
            n_jobs: -1
          hist_gradient_boosting:
            max_iter: 300
            learning_rate: 0.06
            max_leaf_nodes: 31
            class_weight: balanced
    outs:
    - path: models/mlflow_run.json
      hash: md5
      md5: 7457f57a6a741e5891fe050ed353c116
      size: 112
    - path: models/pipeline.joblib
      hash: md5
      md5: faf301607ce662476c99ef9274001828
      size: 34816715
  evaluate:
    cmd: python -m propensao.evaluate
    deps:
    - path: data/processed/teste.parquet
      hash: md5
      md5: 63b40bd670952ad304c9afafe7b669b8
      size: 79623
    - path: models/mlflow_run.json
      hash: md5
      md5: 7457f57a6a741e5891fe050ed353c116
      size: 112
    - path: models/pipeline.joblib
      hash: md5
      md5: faf301607ce662476c99ef9274001828
      size: 34816715
    - path: src/propensao/config.py
      hash: md5
      md5: 04ba56b3f0d3433c9dbc9ca1f9a2a065
      size: 4438
    - path: src/propensao/data.py
      hash: md5
      md5: 14503ea029e1cdf4ab04c00e455f8d09
      size: 1947
    - path: src/propensao/evaluate.py
      hash: md5
      md5: c8f9cc83ab3c5da51ae1312cef19d882
      size: 3547
    - path: src/propensao/tracking.py
      hash: md5
      md5: 5b3fb3c0b4d7f66fd4b987e2fd0edfa4
      size: 4375
    params:
      params.yaml:
        evaluate:
          limiar: 0.4
    outs:
    - path: metrics/metrics.json
      hash: md5
      md5: c5bb2b14efedd0e502c3c77351e25f60
      size: 164
